{
    "_meta": {
        "hash": {
            "sha256": "7630d0b44f7ca69ce6d2fe1acc4e6c23c8a3fe708e417de2789ecf4780aa526d"
        },
        "pipfile-spec": 6,
        "requires": {
            "python_version": "3.7"
        },
        "sources": [
            {
                "name": "pypi",
                "url": "https://pypi.org/simple",
                "verify_ssl": true
            }
        ]
    },
    "default": {},
    "develop": {}
}
